
Microsoft Visual Studio Solution File, Format Version 12.00
# Visual Studio Version 16
VisualStudioVersion = 16.0.31729.503
MinimumVisualStudioVersion = 10.0.40219.1
Project("{FAE04EC0-301F-11D3-BF4B-00C04F79EFBC}") = "BTLChatBot", "BTLChatBot.csproj", "{D43315BB-9A2B-4B18-AC43-686FB8B10C3A}"
EndProject
Global
	GlobalSection(SolutionConfigurationPlatforms) = preSolution
		Debug|Any CPU = Debug|Any CPU
		Release|Any CPU = Release|Any CPU
	EndGlobalSection
	GlobalSection(ProjectConfigurationPlatforms) = postSolution
		{D43315BB-9A2B-4B18-AC43-686FB8B10C3A}.Debug|Any CPU.ActiveCfg = Debug|Any CPU
		{D43315BB-9A2B-4B18-AC43-686FB8B10C3A}.Debug|Any CPU.Build.0 = Debug|Any CPU
		{D43315BB-9A2B-4B18-AC43-686FB8B10C3A}.Release|Any CPU.ActiveCfg = Release|Any CPU
		{D43315BB-9A2B-4B18-AC43-686FB8B10C3A}.Release|Any CPU.Build.0 = Release|Any CPU
	EndGlobalSection
	GlobalSection(SolutionProperties) = preSolution
		HideSolutionNode = FALSE
	EndGlobalSection
	GlobalSection(ExtensibilityGlobals) = postSolution
		SolutionGuid = {F3B4989A-D113-4D09-9AE7-3438EC25ABBD}
	EndGlobalSection
EndGlobal
